// !$*UTF8*$!
{
	archiveVersion = 1;
	classes = {
	};
	objectVersion = 51;
	objects = {

/* Begin PBXBuildFile section */
		A36700F4230AE94800806B45 /* DatabaseService.swift in Sources */ = {isa = PBXBuildFile; fileRef = A36700F3230AE94800806B45 /* DatabaseService.swift */; };
		A39BA6EA230AFE7B00DEE288 /* ServiceAssembly.swift in Sources */ = {isa = PBXBuildFile; fileRef = A39BA6E9230AFE7B00DEE288 /* ServiceAssembly.swift */; };
		A39BA6ED230B017400DEE288 /* GameSystemDatabaseObject.swift in Sources */ = {isa = PBXBuildFile; fileRef = A39BA6EC230B017400DEE288 /* GameSystemDatabaseObject.swift */; };
		A39BA6F5230B087900DEE288 /* RoasterListViewController.swift in Sources */ = {isa = PBXBuildFile; fileRef = A39BA6F4230B087900DEE288 /* RoasterListViewController.swift */; };
		A39BA6F7230B093E00DEE288 /* RoasterListViewModel.swift in Sources */ = {isa = PBXBuildFile; fileRef = A39BA6F6230B093E00DEE288 /* RoasterListViewModel.swift */; };
		A39BA6F9230B0A1A00DEE288 /* RoasterDatabaseObject.swift in Sources */ = {isa = PBXBuildFile; fileRef = A39BA6F8230B0A1900DEE288 /* RoasterDatabaseObject.swift */; };
		A3A8ECB322B2A2CA00C55CB5 /* UnitListModuleView.swift in Sources */ = {isa = PBXBuildFile; fileRef = A3A8ECB222B2A2CA00C55CB5 /* UnitListModuleView.swift */; };
		A3A8ECB522B2A2DB00C55CB5 /* UnitListModuleViewModel.swift in Sources */ = {isa = PBXBuildFile; fileRef = A3A8ECB422B2A2DB00C55CB5 /* UnitListModuleViewModel.swift */; };
		A3A8ECB722B2A30700C55CB5 /* UnitListModuleInteractor.swift in Sources */ = {isa = PBXBuildFile; fileRef = A3A8ECB622B2A30700C55CB5 /* UnitListModuleInteractor.swift */; };
		A3A8ECB922B2A32B00C55CB5 /* UnitListModuleViewModel+RowsBuilder.swift in Sources */ = {isa = PBXBuildFile; fileRef = A3A8ECB822B2A32B00C55CB5 /* UnitListModuleViewModel+RowsBuilder.swift */; };
		A3A8ECBB22B2A34300C55CB5 /* UnitListModuleAssembly.swift in Sources */ = {isa = PBXBuildFile; fileRef = A3A8ECBA22B2A34300C55CB5 /* UnitListModuleAssembly.swift */; };
		A3A8ECBE22B2A4D500C55CB5 /* RowsBuilderProtocol.swift in Sources */ = {isa = PBXBuildFile; fileRef = A3A8ECBD22B2A4D500C55CB5 /* RowsBuilderProtocol.swift */; };
		A3A8ECC222B2B46000C55CB5 /* ModuleConfigurable.swift in Sources */ = {isa = PBXBuildFile; fileRef = A3A8ECC122B2B46000C55CB5 /* ModuleConfigurable.swift */; };
		A3A8ECC422B2B64100C55CB5 /* RowViewModelProtocol.swift in Sources */ = {isa = PBXBuildFile; fileRef = A3A8ECC322B2B64100C55CB5 /* RowViewModelProtocol.swift */; };
		A3A8ECC822B2B6B600C55CB5 /* Assembly.swift in Sources */ = {isa = PBXBuildFile; fileRef = A3A8ECC722B2B6B600C55CB5 /* Assembly.swift */; };
		A3A8ECCA22B2B6D700C55CB5 /* ModuleViewModel.swift in Sources */ = {isa = PBXBuildFile; fileRef = A3A8ECC922B2B6D700C55CB5 /* ModuleViewModel.swift */; };
		A3A8ECCC22B2B8E200C55CB5 /* ViewController.swift in Sources */ = {isa = PBXBuildFile; fileRef = A3A8ECCB22B2B8E200C55CB5 /* ViewController.swift */; };
		A3C61256231D641600A514B5 /* RootNavigationViewController.swift in Sources */ = {isa = PBXBuildFile; fileRef = A3C61255231D641600A514B5 /* RootNavigationViewController.swift */; };
		A3C6125A231D651D00A514B5 /* RoasterListInteractor.swift in Sources */ = {isa = PBXBuildFile; fileRef = A3C61259231D651D00A514B5 /* RoasterListInteractor.swift */; };
		A3C6125C231D655000A514B5 /* RoasterListAssembly.swift in Sources */ = {isa = PBXBuildFile; fileRef = A3C6125B231D655000A514B5 /* RoasterListAssembly.swift */; };
		A3C61261231D7DD400A514B5 /* PickerRowCell.swift in Sources */ = {isa = PBXBuildFile; fileRef = A3C61260231D7DD400A514B5 /* PickerRowCell.swift */; };
		A3C61263231D7DFF00A514B5 /* PickerRowCell.xib in Resources */ = {isa = PBXBuildFile; fileRef = A3C61262231D7DFF00A514B5 /* PickerRowCell.xib */; };
		A3C61265231D8AA100A514B5 /* RoasterListViewModel+RowsBuilder.swift in Sources */ = {isa = PBXBuildFile; fileRef = A3C61264231D8AA100A514B5 /* RoasterListViewModel+RowsBuilder.swift */; };
		A3DF97DC22AFF39200A59924 /* AppDelegate.swift in Sources */ = {isa = PBXBuildFile; fileRef = A3DF97DB22AFF39200A59924 /* AppDelegate.swift */; };
		A3DF97E122AFF39200A59924 /* Main.storyboard in Resources */ = {isa = PBXBuildFile; fileRef = A3DF97DF22AFF39200A59924 /* Main.storyboard */; };
		A3DF97E322AFF39400A59924 /* Assets.xcassets in Resources */ = {isa = PBXBuildFile; fileRef = A3DF97E222AFF39400A59924 /* Assets.xcassets */; };
		A3DF97E622AFF39400A59924 /* LaunchScreen.storyboard in Resources */ = {isa = PBXBuildFile; fileRef = A3DF97E422AFF39400A59924 /* LaunchScreen.storyboard */; };
		A3DF97F122AFF8EF00A59924 /* Operands.swift in Sources */ = {isa = PBXBuildFile; fileRef = A3DF97F022AFF8EF00A59924 /* Operands.swift */; };
		A3DF97F322AFF91400A59924 /* String+Int.swift in Sources */ = {isa = PBXBuildFile; fileRef = A3DF97F222AFF91400A59924 /* String+Int.swift */; };
		D166069BFEB883D6D3D2F365 /* Pods_WargameNotesKeeper.framework in Frameworks */ = {isa = PBXBuildFile; fileRef = C4231C3DF4A8D0498E83E2E8 /* Pods_WargameNotesKeeper.framework */; };
/* End PBXBuildFile section */

/* Begin PBXFileReference section */
		A36700F3230AE94800806B45 /* DatabaseService.swift */ = {isa = PBXFileReference; lastKnownFileType = sourcecode.swift; path = DatabaseService.swift; sourceTree = "<group>"; };
		A39BA6E9230AFE7B00DEE288 /* ServiceAssembly.swift */ = {isa = PBXFileReference; lastKnownFileType = sourcecode.swift; path = ServiceAssembly.swift; sourceTree = "<group>"; };
		A39BA6EC230B017400DEE288 /* GameSystemDatabaseObject.swift */ = {isa = PBXFileReference; lastKnownFileType = sourcecode.swift; path = GameSystemDatabaseObject.swift; sourceTree = "<group>"; };
		A39BA6F4230B087900DEE288 /* RoasterListViewController.swift */ = {isa = PBXFileReference; lastKnownFileType = sourcecode.swift; path = RoasterListViewController.swift; sourceTree = "<group>"; };
		A39BA6F6230B093E00DEE288 /* RoasterListViewModel.swift */ = {isa = PBXFileReference; lastKnownFileType = sourcecode.swift; path = RoasterListViewModel.swift; sourceTree = "<group>"; };
		A39BA6F8230B0A1900DEE288 /* RoasterDatabaseObject.swift */ = {isa = PBXFileReference; lastKnownFileType = sourcecode.swift; path = RoasterDatabaseObject.swift; sourceTree = "<group>"; };
		A3A8ECB222B2A2CA00C55CB5 /* UnitListModuleView.swift */ = {isa = PBXFileReference; lastKnownFileType = sourcecode.swift; path = UnitListModuleView.swift; sourceTree = "<group>"; };
		A3A8ECB422B2A2DB00C55CB5 /* UnitListModuleViewModel.swift */ = {isa = PBXFileReference; lastKnownFileType = sourcecode.swift; path = UnitListModuleViewModel.swift; sourceTree = "<group>"; };
		A3A8ECB622B2A30700C55CB5 /* UnitListModuleInteractor.swift */ = {isa = PBXFileReference; lastKnownFileType = sourcecode.swift; path = UnitListModuleInteractor.swift; sourceTree = "<group>"; };
		A3A8ECB822B2A32B00C55CB5 /* UnitListModuleViewModel+RowsBuilder.swift */ = {isa = PBXFileReference; lastKnownFileType = sourcecode.swift; path = "UnitListModuleViewModel+RowsBuilder.swift"; sourceTree = "<group>"; };
		A3A8ECBA22B2A34300C55CB5 /* UnitListModuleAssembly.swift */ = {isa = PBXFileReference; lastKnownFileType = sourcecode.swift; path = UnitListModuleAssembly.swift; sourceTree = "<group>"; };
		A3A8ECBD22B2A4D500C55CB5 /* RowsBuilderProtocol.swift */ = {isa = PBXFileReference; lastKnownFileType = sourcecode.swift; path = RowsBuilderProtocol.swift; sourceTree = "<group>"; };
		A3A8ECC122B2B46000C55CB5 /* ModuleConfigurable.swift */ = {isa = PBXFileReference; lastKnownFileType = sourcecode.swift; path = ModuleConfigurable.swift; sourceTree = "<group>"; };
		A3A8ECC322B2B64100C55CB5 /* RowViewModelProtocol.swift */ = {isa = PBXFileReference; lastKnownFileType = sourcecode.swift; path = RowViewModelProtocol.swift; sourceTree = "<group>"; };
		A3A8ECC722B2B6B600C55CB5 /* Assembly.swift */ = {isa = PBXFileReference; fileEncoding = 4; lastKnownFileType = sourcecode.swift; path = Assembly.swift; sourceTree = "<group>"; };
		A3A8ECC922B2B6D700C55CB5 /* ModuleViewModel.swift */ = {isa = PBXFileReference; lastKnownFileType = sourcecode.swift; path = ModuleViewModel.swift; sourceTree = "<group>"; };
		A3A8ECCB22B2B8E200C55CB5 /* ViewController.swift */ = {isa = PBXFileReference; lastKnownFileType = sourcecode.swift; path = ViewController.swift; sourceTree = "<group>"; };
		A3C61255231D641600A514B5 /* RootNavigationViewController.swift */ = {isa = PBXFileReference; lastKnownFileType = sourcecode.swift; path = RootNavigationViewController.swift; sourceTree = "<group>"; };
		A3C61259231D651D00A514B5 /* RoasterListInteractor.swift */ = {isa = PBXFileReference; lastKnownFileType = sourcecode.swift; path = RoasterListInteractor.swift; sourceTree = "<group>"; };
		A3C6125B231D655000A514B5 /* RoasterListAssembly.swift */ = {isa = PBXFileReference; lastKnownFileType = sourcecode.swift; path = RoasterListAssembly.swift; sourceTree = "<group>"; };
		A3C61260231D7DD400A514B5 /* PickerRowCell.swift */ = {isa = PBXFileReference; lastKnownFileType = sourcecode.swift; path = PickerRowCell.swift; sourceTree = "<group>"; };
		A3C61262231D7DFF00A514B5 /* PickerRowCell.xib */ = {isa = PBXFileReference; lastKnownFileType = file.xib; path = PickerRowCell.xib; sourceTree = "<group>"; };
		A3C61264231D8AA100A514B5 /* RoasterListViewModel+RowsBuilder.swift */ = {isa = PBXFileReference; lastKnownFileType = sourcecode.swift; path = "RoasterListViewModel+RowsBuilder.swift"; sourceTree = "<group>"; };
		A3DF97D822AFF39200A59924 /* WargameNotesKeeper.app */ = {isa = PBXFileReference; explicitFileType = wrapper.application; includeInIndex = 0; path = WargameNotesKeeper.app; sourceTree = BUILT_PRODUCTS_DIR; };
		A3DF97DB22AFF39200A59924 /* AppDelegate.swift */ = {isa = PBXFileReference; lastKnownFileType = sourcecode.swift; path = AppDelegate.swift; sourceTree = "<group>"; };
		A3DF97E022AFF39200A59924 /* Base */ = {isa = PBXFileReference; lastKnownFileType = file.storyboard; name = Base; path = Base.lproj/Main.storyboard; sourceTree = "<group>"; };
		A3DF97E222AFF39400A59924 /* Assets.xcassets */ = {isa = PBXFileReference; lastKnownFileType = folder.assetcatalog; path = Assets.xcassets; sourceTree = "<group>"; };
		A3DF97E522AFF39400A59924 /* Base */ = {isa = PBXFileReference; lastKnownFileType = file.storyboard; name = Base; path = Base.lproj/LaunchScreen.storyboard; sourceTree = "<group>"; };
		A3DF97E722AFF39400A59924 /* Info.plist */ = {isa = PBXFileReference; lastKnownFileType = text.plist.xml; path = Info.plist; sourceTree = "<group>"; };
		A3DF97F022AFF8EF00A59924 /* Operands.swift */ = {isa = PBXFileReference; lastKnownFileType = sourcecode.swift; path = Operands.swift; sourceTree = "<group>"; };
		A3DF97F222AFF91400A59924 /* String+Int.swift */ = {isa = PBXFileReference; lastKnownFileType = sourcecode.swift; path = "String+Int.swift"; sourceTree = "<group>"; };
		B1C891672D8D1D68D0CAA4CC /* Pods-WargameNotesKeeper.release.xcconfig */ = {isa = PBXFileReference; includeInIndex = 1; lastKnownFileType = text.xcconfig; name = "Pods-WargameNotesKeeper.release.xcconfig"; path = "Target Support Files/Pods-WargameNotesKeeper/Pods-WargameNotesKeeper.release.xcconfig"; sourceTree = "<group>"; };
		B764E2735CEBEAB9C0C13194 /* Pods-WargameNotesKeeper.debug.xcconfig */ = {isa = PBXFileReference; includeInIndex = 1; lastKnownFileType = text.xcconfig; name = "Pods-WargameNotesKeeper.debug.xcconfig"; path = "Target Support Files/Pods-WargameNotesKeeper/Pods-WargameNotesKeeper.debug.xcconfig"; sourceTree = "<group>"; };
		C4231C3DF4A8D0498E83E2E8 /* Pods_WargameNotesKeeper.framework */ = {isa = PBXFileReference; explicitFileType = wrapper.framework; includeInIndex = 0; path = Pods_WargameNotesKeeper.framework; sourceTree = BUILT_PRODUCTS_DIR; };
/* End PBXFileReference section */

/* Begin PBXFrameworksBuildPhase section */
		A3DF97D522AFF39200A59924 /* Frameworks */ = {
			isa = PBXFrameworksBuildPhase;
			buildActionMask = 2147483647;
			files = (
				D166069BFEB883D6D3D2F365 /* Pods_WargameNotesKeeper.framework in Frameworks */,
			);
			runOnlyForDeploymentPostprocessing = 0;
		};
/* End PBXFrameworksBuildPhase section */

/* Begin PBXGroup section */
		7BB7CE48637705ECA195D31A /* Pods */ = {
			isa = PBXGroup;
			children = (
				B764E2735CEBEAB9C0C13194 /* Pods-WargameNotesKeeper.debug.xcconfig */,
				B1C891672D8D1D68D0CAA4CC /* Pods-WargameNotesKeeper.release.xcconfig */,
			);
			path = Pods;
			sourceTree = "<group>";
		};
		A36700F2230AE91800806B45 /* Database */ = {
			isa = PBXGroup;
			children = (
				A39BA6EB230B014200DEE288 /* Objects */,
				A36700F3230AE94800806B45 /* DatabaseService.swift */,
			);
			path = Database;
			sourceTree = "<group>";
		};
		A39BA6EB230B014200DEE288 /* Objects */ = {
			isa = PBXGroup;
			children = (
				A39BA6EC230B017400DEE288 /* GameSystemDatabaseObject.swift */,
				A39BA6F8230B0A1900DEE288 /* RoasterDatabaseObject.swift */,
			);
			path = Objects;
			sourceTree = "<group>";
		};
		A39BA6F3230B084F00DEE288 /* RoasterListModule */ = {
			isa = PBXGroup;
			children = (
				A39BA6F4230B087900DEE288 /* RoasterListViewController.swift */,
				A39BA6F6230B093E00DEE288 /* RoasterListViewModel.swift */,
				A3C61264231D8AA100A514B5 /* RoasterListViewModel+RowsBuilder.swift */,
				A3C61259231D651D00A514B5 /* RoasterListInteractor.swift */,
				A3C6125B231D655000A514B5 /* RoasterListAssembly.swift */,
			);
			path = RoasterListModule;
			sourceTree = "<group>";
		};
		A3A8ECB122B2A29600C55CB5 /* UnitListModule */ = {
			isa = PBXGroup;
			children = (
				A3A8ECB222B2A2CA00C55CB5 /* UnitListModuleView.swift */,
				A3A8ECB422B2A2DB00C55CB5 /* UnitListModuleViewModel.swift */,
				A3A8ECB822B2A32B00C55CB5 /* UnitListModuleViewModel+RowsBuilder.swift */,
				A3A8ECB622B2A30700C55CB5 /* UnitListModuleInteractor.swift */,
				A3A8ECBA22B2A34300C55CB5 /* UnitListModuleAssembly.swift */,
			);
			path = UnitListModule;
			sourceTree = "<group>";
		};
		A3A8ECBC22B2A3B500C55CB5 /* Common */ = {
			isa = PBXGroup;
			children = (
				A3A8ECBD22B2A4D500C55CB5 /* RowsBuilderProtocol.swift */,
				A3A8ECC122B2B46000C55CB5 /* ModuleConfigurable.swift */,
				A3A8ECC322B2B64100C55CB5 /* RowViewModelProtocol.swift */,
			);
			path = Common;
			sourceTree = "<group>";
		};
		A3A8ECC622B2B6B600C55CB5 /* Base */ = {
			isa = PBXGroup;
			children = (
				A3A8ECC722B2B6B600C55CB5 /* Assembly.swift */,
				A3A8ECC922B2B6D700C55CB5 /* ModuleViewModel.swift */,
				A3A8ECCB22B2B8E200C55CB5 /* ViewController.swift */,
				A39BA6E9230AFE7B00DEE288 /* ServiceAssembly.swift */,
				A3C61255231D641600A514B5 /* RootNavigationViewController.swift */,
			);
			path = Base;
			sourceTree = "<group>";
		};
		A3C6125D231D743A00A514B5 /* rows */ = {
			isa = PBXGroup;
			children = (
				A3C6125F231D7D2E00A514B5 /* pickerRow */,
			);
			path = rows;
			sourceTree = "<group>";
		};
		A3C6125F231D7D2E00A514B5 /* pickerRow */ = {
			isa = PBXGroup;
			children = (
				A3C61260231D7DD400A514B5 /* PickerRowCell.swift */,
				A3C61262231D7DFF00A514B5 /* PickerRowCell.xib */,
			);
			path = pickerRow;
			sourceTree = "<group>";
		};
		A3DF97CF22AFF39200A59924 = {
			isa = PBXGroup;
			children = (
				A3DF97DA22AFF39200A59924 /* WargameNotesKeeper */,
				A3DF97D922AFF39200A59924 /* Products */,
				7BB7CE48637705ECA195D31A /* Pods */,
				CB346717DCC50FAEB1D25341 /* Frameworks */,
			);
			sourceTree = "<group>";
		};
		A3DF97D922AFF39200A59924 /* Products */ = {
			isa = PBXGroup;
			children = (
				A3DF97D822AFF39200A59924 /* WargameNotesKeeper.app */,
			);
			name = Products;
			sourceTree = "<group>";
		};
		A3DF97DA22AFF39200A59924 /* WargameNotesKeeper */ = {
			isa = PBXGroup;
			children = (
				A3C6125D231D743A00A514B5 /* rows */,
				A36700F2230AE91800806B45 /* Database */,
				A3DF97EF22AFF88D00A59924 /* Extentions */,
				A3DF97EE22AFF72B00A59924 /* Modules */,
				A3DF97ED22AFF71C00A59924 /* Operands */,
				A3DF97DB22AFF39200A59924 /* AppDelegate.swift */,
				A3DF97DF22AFF39200A59924 /* Main.storyboard */,
				A3DF97E222AFF39400A59924 /* Assets.xcassets */,
				A3DF97E422AFF39400A59924 /* LaunchScreen.storyboard */,
				A3DF97E722AFF39400A59924 /* Info.plist */,
			);
			path = WargameNotesKeeper;
			sourceTree = "<group>";
		};
		A3DF97ED22AFF71C00A59924 /* Operands */ = {
			isa = PBXGroup;
			children = (
				A3DF97F022AFF8EF00A59924 /* Operands.swift */,
			);
			path = Operands;
			sourceTree = "<group>";
		};
		A3DF97EE22AFF72B00A59924 /* Modules */ = {
			isa = PBXGroup;
			children = (
				A3A8ECC622B2B6B600C55CB5 /* Base */,
				A3A8ECBC22B2A3B500C55CB5 /* Common */,
				A39BA6F3230B084F00DEE288 /* RoasterListModule */,
				A3A8ECB122B2A29600C55CB5 /* UnitListModule */,
			);
			path = Modules;
			sourceTree = "<group>";
		};
		A3DF97EF22AFF88D00A59924 /* Extentions */ = {
			isa = PBXGroup;
			children = (
				A3DF97F222AFF91400A59924 /* String+Int.swift */,
			);
			path = Extentions;
			sourceTree = "<group>";
		};
		CB346717DCC50FAEB1D25341 /* Frameworks */ = {
			isa = PBXGroup;
			children = (
				C4231C3DF4A8D0498E83E2E8 /* Pods_WargameNotesKeeper.framework */,
			);
			name = Frameworks;
			sourceTree = "<group>";
		};
/* End PBXGroup section */

/* Begin PBXNativeTarget section */
		A3DF97D722AFF39200A59924 /* WargameNotesKeeper */ = {
			isa = PBXNativeTarget;
			buildConfigurationList = A3DF97EA22AFF39400A59924 /* Build configuration list for PBXNativeTarget "WargameNotesKeeper" */;
			buildPhases = (
				B5DE82200C0F3EAC9F734CD2 /* [CP] Check Pods Manifest.lock */,
				A3DF97D422AFF39200A59924 /* Sources */,
				A3DF97D522AFF39200A59924 /* Frameworks */,
				A3DF97D622AFF39200A59924 /* Resources */,
				2A06FC150C8DD0E8AD6A77BB /* [CP] Embed Pods Frameworks */,
			);
			buildRules = (
			);
			dependencies = (
			);
			name = WargameNotesKeeper;
			productName = WargameNotesKeeper;
			productReference = A3DF97D822AFF39200A59924 /* WargameNotesKeeper.app */;
			productType = "com.apple.product-type.application";
		};
/* End PBXNativeTarget section */

/* Begin PBXProject section */
		A3DF97D022AFF39200A59924 /* Project object */ = {
			isa = PBXProject;
			attributes = {
				LastSwiftUpdateCheck = 1020;
				LastUpgradeCheck = 1020;
				ORGANIZATIONNAME = "Orlov Alex";
				TargetAttributes = {
					A3DF97D722AFF39200A59924 = {
						CreatedOnToolsVersion = 10.2;
					};
				};
			};
			buildConfigurationList = A3DF97D322AFF39200A59924 /* Build configuration list for PBXProject "WargameNotesKeeper" */;
			compatibilityVersion = "Xcode 9.3";
			developmentRegion = en;
			hasScannedForEncodings = 0;
			knownRegions = (
				en,
				Base,
			);
			mainGroup = A3DF97CF22AFF39200A59924;
			productRefGroup = A3DF97D922AFF39200A59924 /* Products */;
			projectDirPath = "";
			projectRoot = "";
			targets = (
				A3DF97D722AFF39200A59924 /* WargameNotesKeeper */,
			);
		};
/* End PBXProject section */

/* Begin PBXResourcesBuildPhase section */
		A3DF97D622AFF39200A59924 /* Resources */ = {
			isa = PBXResourcesBuildPhase;
			buildActionMask = 2147483647;
			files = (
				A3C61263231D7DFF00A514B5 /* PickerRowCell.xib in Resources */,
				A3DF97E622AFF39400A59924 /* LaunchScreen.storyboard in Resources */,
				A3DF97E322AFF39400A59924 /* Assets.xcassets in Resources */,
				A3DF97E122AFF39200A59924 /* Main.storyboard in Resources */,
			);
			runOnlyForDeploymentPostprocessing = 0;
		};
/* End PBXResourcesBuildPhase section */

/* Begin PBXShellScriptBuildPhase section */
		2A06FC150C8DD0E8AD6A77BB /* [CP] Embed Pods Frameworks */ = {
			isa = PBXShellScriptBuildPhase;
			buildActionMask = 2147483647;
			files = (
			);
			inputFileListPaths = (
				"${PODS_ROOT}/Target Support Files/Pods-WargameNotesKeeper/Pods-WargameNotesKeeper-frameworks-${CONFIGURATION}-input-files.xcfilelist",
			);
			name = "[CP] Embed Pods Frameworks";
			outputFileListPaths = (
				"${PODS_ROOT}/Target Support Files/Pods-WargameNotesKeeper/Pods-WargameNotesKeeper-frameworks-${CONFIGURATION}-output-files.xcfilelist",
			);
			runOnlyForDeploymentPostprocessing = 0;
			shellPath = /bin/sh;
			shellScript = "\"${PODS_ROOT}/Target Support Files/Pods-WargameNotesKeeper/Pods-WargameNotesKeeper-frameworks.sh\"\n";
			showEnvVarsInLog = 0;
		};
		B5DE82200C0F3EAC9F734CD2 /* [CP] Check Pods Manifest.lock */ = {
			isa = PBXShellScriptBuildPhase;
			buildActionMask = 2147483647;
			files = (
			);
			inputFileListPaths = (
			);
			inputPaths = (
				"${PODS_PODFILE_DIR_PATH}/Podfile.lock",
				"${PODS_ROOT}/Manifest.lock",
			);
			name = "[CP] Check Pods Manifest.lock";
			outputFileListPaths = (
			);
			outputPaths = (
				"$(DERIVED_FILE_DIR)/Pods-WargameNotesKeeper-checkManifestLockResult.txt",
			);
			runOnlyForDeploymentPostprocessing = 0;
			shellPath = /bin/sh;
			shellScript = "diff \"${PODS_PODFILE_DIR_PATH}/Podfile.lock\" \"${PODS_ROOT}/Manifest.lock\" > /dev/null\nif [ $? != 0 ] ; then\n    # print error to STDERR\n    echo \"error: The sandbox is not in sync with the Podfile.lock. Run 'pod install' or update your CocoaPods installation.\" >&2\n    exit 1\nfi\n# This output is used by Xcode 'outputs' to avoid re-running this script phase.\necho \"SUCCESS\" > \"${SCRIPT_OUTPUT_FILE_0}\"\n";
			showEnvVarsInLog = 0;
		};
/* End PBXShellScriptBuildPhase section */

/* Begin PBXSourcesBuildPhase section */
		A3DF97D422AFF39200A59924 /* Sources */ = {
			isa = PBXSourcesBuildPhase;
			buildActionMask = 2147483647;
			files = (
				A3C6125C231D655000A514B5 /* RoasterListAssembly.swift in Sources */,
				A3C6125A231D651D00A514B5 /* RoasterListInteractor.swift in Sources */,
				A3A8ECCC22B2B8E200C55CB5 /* ViewController.swift in Sources */,
				A39BA6EA230AFE7B00DEE288 /* ServiceAssembly.swift in Sources */,
				A3C61261231D7DD400A514B5 /* PickerRowCell.swift in Sources */,
				A3C61265231D8AA100A514B5 /* RoasterListViewModel+RowsBuilder.swift in Sources */,
				A3A8ECB522B2A2DB00C55CB5 /* UnitListModuleViewModel.swift in Sources */,
				A3A8ECB322B2A2CA00C55CB5 /* UnitListModuleView.swift in Sources */,
				A39BA6ED230B017400DEE288 /* GameSystemDatabaseObject.swift in Sources */,
				A3DF97F322AFF91400A59924 /* String+Int.swift in Sources */,
				A3A8ECCA22B2B6D700C55CB5 /* ModuleViewModel.swift in Sources */,
				A3A8ECBE22B2A4D500C55CB5 /* RowsBuilderProtocol.swift in Sources */,
				A36700F4230AE94800806B45 /* DatabaseService.swift in Sources */,
				A39BA6F7230B093E00DEE288 /* RoasterListViewModel.swift in Sources */,
				A39BA6F5230B087900DEE288 /* RoasterListViewController.swift in Sources */,
				A3A8ECB722B2A30700C55CB5 /* UnitListModuleInteractor.swift in Sources */,
				A3DF97F122AFF8EF00A59924 /* Operands.swift in Sources */,
				A3A8ECBB22B2A34300C55CB5 /* UnitListModuleAssembly.swift in Sources */,
				A39BA6F9230B0A1A00DEE288 /* RoasterDatabaseObject.swift in Sources */,
				A3C61256231D641600A514B5 /* RootNavigationViewController.swift in Sources */,
				A3A8ECC822B2B6B600C55CB5 /* Assembly.swift in Sources */,
				A3DF97DC22AFF39200A59924 /* AppDelegate.swift in Sources */,
				A3A8ECC222B2B46000C55CB5 /* ModuleConfigurable.swift in Sources */,
				A3A8ECC422B2B64100C55CB5 /* RowViewModelProtocol.swift in Sources */,
				A3A8ECB922B2A32B00C55CB5 /* UnitListModuleViewModel+RowsBuilder.swift in Sources */,
			);
			runOnlyForDeploymentPostprocessing = 0;
		};
/* End PBXSourcesBuildPhase section */

/* Begin PBXVariantGroup section */
		A3DF97DF22AFF39200A59924 /* Main.storyboard */ = {
			isa = PBXVariantGroup;
			children = (
				A3DF97E022AFF39200A59924 /* Base */,
			);
			name = Main.storyboard;
			sourceTree = "<group>";
		};
		A3DF97E422AFF39400A59924 /* LaunchScreen.storyboard */ = {
			isa = PBXVariantGroup;
			children = (
				A3DF97E522AFF39400A59924 /* Base */,
			);
			name = LaunchScreen.storyboard;
			sourceTree = "<group>";
		};
/* End PBXVariantGroup section */

/* Begin XCBuildConfiguration section */
		A3DF97E822AFF39400A59924 /* Debug */ = {
			isa = XCBuildConfiguration;
			buildSettings = {
				ALWAYS_SEARCH_USER_PATHS = NO;
				CLANG_ANALYZER_NONNULL = YES;
				CLANG_ANALYZER_NUMBER_OBJECT_CONVERSION = YES_AGGRESSIVE;
				CLANG_CXX_LANGUAGE_STANDARD = "gnu++14";
				CLANG_CXX_LIBRARY = "libc++";
				CLANG_ENABLE_MODULES = YES;
				CLANG_ENABLE_OBJC_ARC = YES;
				CLANG_ENABLE_OBJC_WEAK = YES;
				CLANG_WARN_BLOCK_CAPTURE_AUTORELEASING = YES;
				CLANG_WARN_BOOL_CONVERSION = YES;
				CLANG_WARN_COMMA = YES;
				CLANG_WARN_CONSTANT_CONVERSION = YES;
				CLANG_WARN_DEPRECATED_OBJC_IMPLEMENTATIONS = YES;
				CLANG_WARN_DIRECT_OBJC_ISA_USAGE = YES_ERROR;
				CLANG_WARN_DOCUMENTATION_COMMENTS = YES;
				CLANG_WARN_EMPTY_BODY = YES;
				CLANG_WARN_ENUM_CONVERSION = YES;
				CLANG_WARN_INFINITE_RECURSION = YES;
				CLANG_WARN_INT_CONVERSION = YES;
				CLANG_WARN_NON_LITERAL_NULL_CONVERSION = YES;
				CLANG_WARN_OBJC_IMPLICIT_RETAIN_SELF = YES;
				CLANG_WARN_OBJC_LITERAL_CONVERSION = YES;
				CLANG_WARN_OBJC_ROOT_CLASS = YES_ERROR;
				CLANG_WARN_RANGE_LOOP_ANALYSIS = YES;
				CLANG_WARN_STRICT_PROTOTYPES = YES;
				CLANG_WARN_SUSPICIOUS_MOVE = YES;
				CLANG_WARN_UNGUARDED_AVAILABILITY = YES_AGGRESSIVE;
				CLANG_WARN_UNREACHABLE_CODE = YES;
				CLANG_WARN__DUPLICATE_METHOD_MATCH = YES;
				CODE_SIGN_IDENTITY = "iPhone Developer";
				COPY_PHASE_STRIP = NO;
				DEBUG_INFORMATION_FORMAT = dwarf;
				ENABLE_STRICT_OBJC_MSGSEND = YES;
				ENABLE_TESTABILITY = YES;
				GCC_C_LANGUAGE_STANDARD = gnu11;
				GCC_DYNAMIC_NO_PIC = NO;
				GCC_NO_COMMON_BLOCKS = YES;
				GCC_OPTIMIZATION_LEVEL = 0;
				GCC_PREPROCESSOR_DEFINITIONS = (
					"DEBUG=1",
					"$(inherited)",
				);
				GCC_WARN_64_TO_32_BIT_CONVERSION = YES;
				GCC_WARN_ABOUT_RETURN_TYPE = YES_ERROR;
				GCC_WARN_UNDECLARED_SELECTOR = YES;
				GCC_WARN_UNINITIALIZED_AUTOS = YES_AGGRESSIVE;
				GCC_WARN_UNUSED_FUNCTION = YES;
				GCC_WARN_UNUSED_VARIABLE = YES;
				IPHONEOS_DEPLOYMENT_TARGET = 12.2;
				MTL_ENABLE_DEBUG_INFO = INCLUDE_SOURCE;
				MTL_FAST_MATH = YES;
				ONLY_ACTIVE_ARCH = YES;
				SDKROOT = iphoneos;
				SWIFT_ACTIVE_COMPILATION_CONDITIONS = DEBUG;
				SWIFT_OPTIMIZATION_LEVEL = "-Onone";
			};
			name = Debug;
		};
		A3DF97E922AFF39400A59924 /* Release */ = {
			isa = XCBuildConfiguration;
			buildSettings = {
				ALWAYS_SEARCH_USER_PATHS = NO;
				CLANG_ANALYZER_NONNULL = YES;
				CLANG_ANALYZER_NUMBER_OBJECT_CONVERSION = YES_AGGRESSIVE;
				CLANG_CXX_LANGUAGE_STANDARD = "gnu++14";
				CLANG_CXX_LIBRARY = "libc++";
				CLANG_ENABLE_MODULES = YES;
				CLANG_ENABLE_OBJC_ARC = YES;
				CLANG_ENABLE_OBJC_WEAK = YES;
				CLANG_WARN_BLOCK_CAPTURE_AUTORELEASING = YES;
				CLANG_WARN_BOOL_CONVERSION = YES;
				CLANG_WARN_COMMA = YES;
				CLANG_WARN_CONSTANT_CONVERSION = YES;
				CLANG_WARN_DEPRECATED_OBJC_IMPLEMENTATIONS = YES;
				CLANG_WARN_DIRECT_OBJC_ISA_USAGE = YES_ERROR;
				CLANG_WARN_DOCUMENTATION_COMMENTS = YES;
				CLANG_WARN_EMPTY_BODY = YES;
				CLANG_WARN_ENUM_CONVERSION = YES;
				CLANG_WARN_INFINITE_RECURSION = YES;
				CLANG_WARN_INT_CONVERSION = YES;
				CLANG_WARN_NON_LITERAL_NULL_CONVERSION = YES;
				CLANG_WARN_OBJC_IMPLICIT_RETAIN_SELF = YES;
				CLANG_WARN_OBJC_LITERAL_CONVERSION = YES;
				CLANG_WARN_OBJC_ROOT_CLASS = YES_ERROR;
				CLANG_WARN_RANGE_LOOP_ANALYSIS = YES;
				CLANG_WARN_STRICT_PROTOTYPES = YES;
				CLANG_WARN_SUSPICIOUS_MOVE = YES;
				CLANG_WARN_UNGUARDED_AVAILABILITY = YES_AGGRESSIVE;
				CLANG_WARN_UNREACHABLE_CODE = YES;
				CLANG_WARN__DUPLICATE_METHOD_MATCH = YES;
				CODE_SIGN_IDENTITY = "iPhone Developer";
				COPY_PHASE_STRIP = NO;
				DEBUG_INFORMATION_FORMAT = "dwarf-with-dsym";
				ENABLE_NS_ASSERTIONS = NO;
				ENABLE_STRICT_OBJC_MSGSEND = YES;
				GCC_C_LANGUAGE_STANDARD = gnu11;
				GCC_NO_COMMON_BLOCKS = YES;
				GCC_WARN_64_TO_32_BIT_CONVERSION = YES;
				GCC_WARN_ABOUT_RETURN_TYPE = YES_ERROR;
				GCC_WARN_UNDECLARED_SELECTOR = YES;
				GCC_WARN_UNINITIALIZED_AUTOS = YES_AGGRESSIVE;
				GCC_WARN_UNUSED_FUNCTION = YES;
				GCC_WARN_UNUSED_VARIABLE = YES;
				IPHONEOS_DEPLOYMENT_TARGET = 12.2;
				MTL_ENABLE_DEBUG_INFO = NO;
				MTL_FAST_MATH = YES;
				SDKROOT = iphoneos;
				SWIFT_COMPILATION_MODE = wholemodule;
				SWIFT_OPTIMIZATION_LEVEL = "-O";
				VALIDATE_PRODUCT = YES;
			};
			name = Release;
		};
		A3DF97EB22AFF39400A59924 /* Debug */ = {
			isa = XCBuildConfiguration;
			baseConfigurationReference = B764E2735CEBEAB9C0C13194 /* Pods-WargameNotesKeeper.debug.xcconfig */;
			buildSettings = {
				ASSETCATALOG_COMPILER_APPICON_NAME = AppIcon;
				CODE_SIGN_STYLE = Manual;
				DEVELOPMENT_TEAM = "";
				INFOPLIST_FILE = WargameNotesKeeper/Info.plist;
				LD_RUNPATH_SEARCH_PATHS = (
					"$(inherited)",
					"@executable_path/Frameworks",
				);
				PRODUCT_BUNDLE_IDENTIFIER = EN.WargameNotesKeeper;
				PRODUCT_NAME = "$(TARGET_NAME)";
				PROVISIONING_PROFILE_SPECIFIER = "";
				SWIFT_VERSION = 5.0;
				TARGETED_DEVICE_FAMILY = "1,2";
			};
			name = Debug;
		};
		A3DF97EC22AFF39400A59924 /* Release */ = {
			isa = XCBuildConfiguration;
			baseConfigurationReference = B1C891672D8D1D68D0CAA4CC /* Pods-WargameNotesKeeper.release.xcconfig */;
			buildSettings = {
				ASSETCATALOG_COMPILER_APPICON_NAME = AppIcon;
				CODE_SIGN_STYLE = Manual;
				DEVELOPMENT_TEAM = "";
				INFOPLIST_FILE = WargameNotesKeeper/Info.plist;
				LD_RUNPATH_SEARCH_PATHS = (
					"$(inherited)",
					"@executable_path/Frameworks",
				);
				PRODUCT_BUNDLE_IDENTIFIER = EN.WargameNotesKeeper;
				PRODUCT_NAME = "$(TARGET_NAME)";
				PROVISIONING_PROFILE_SPECIFIER = "";
				SWIFT_VERSION = 5.0;
				TARGETED_DEVICE_FAMILY = "1,2";
			};
			name = Release;
		};
/* End XCBuildConfiguration section */

/* Begin XCConfigurationList section */
		A3DF97D322AFF39200A59924 /* Build configuration list for PBXProject "WargameNotesKeeper" */ = {
			isa = XCConfigurationList;
			buildConfigurations = (
				A3DF97E822AFF39400A59924 /* Debug */,
				A3DF97E922AFF39400A59924 /* Release */,
			);
			defaultConfigurationIsVisible = 0;
			defaultConfigurationName = Release;
		};
		A3DF97EA22AFF39400A59924 /* Build configuration list for PBXNativeTarget "WargameNotesKeeper" */ = {
			isa = XCConfigurationList;
			buildConfigurations = (
				A3DF97EB22AFF39400A59924 /* Debug */,
				A3DF97EC22AFF39400A59924 /* Release */,
			);
			defaultConfigurationIsVisible = 0;
			defaultConfigurationName = Release;
		};
/* End XCConfigurationList section */
	};
	rootObject = A3DF97D022AFF39200A59924 /* Project object */;
}
